// !$*UTF8*$!
{
	archiveVersion = 1;
	classes = {
	};
	objectVersion = 48;
	objects = {

/* Begin PBXBuildFile section */
		562EC7B91FA1DE6900AF38DC /* RotatableImageView.swift in Sources */ = {isa = PBXBuildFile; fileRef = 562EC7B81FA1DE6900AF38DC /* RotatableImageView.swift */; };
		562EC7BB1FA2B94800AF38DC /* GridView.swift in Sources */ = {isa = PBXBuildFile; fileRef = 562EC7BA1FA2B94800AF38DC /* GridView.swift */; };
		562EC7BD1FA2BD1C00AF38DC /* UIView+Extension.swift in Sources */ = {isa = PBXBuildFile; fileRef = 562EC7BC1FA2BD1C00AF38DC /* UIView+Extension.swift */; };
		562EC7BF1FA2C1A400AF38DC /* sampleMask.png in Resources */ = {isa = PBXBuildFile; fileRef = 562EC7BE1FA2C0CC00AF38DC /* sampleMask.png */; };
		562EC7C11FA2C20A00AF38DC /* UIImage+Extension.swift in Sources */ = {isa = PBXBuildFile; fileRef = 562EC7C01FA2C20A00AF38DC /* UIImage+Extension.swift */; };
		56C980A21FA02D85007507AB /* AppDelegate.swift in Sources */ = {isa = PBXBuildFile; fileRef = 56C980A11FA02D85007507AB /* AppDelegate.swift */; };
		56C980A41FA02D85007507AB /* ViewController.swift in Sources */ = {isa = PBXBuildFile; fileRef = 56C980A31FA02D85007507AB /* ViewController.swift */; };
		56C980A71FA02D85007507AB /* Main.storyboard in Resources */ = {isa = PBXBuildFile; fileRef = 56C980A51FA02D85007507AB /* Main.storyboard */; };
		56C980A91FA02D85007507AB /* Assets.xcassets in Resources */ = {isa = PBXBuildFile; fileRef = 56C980A81FA02D85007507AB /* Assets.xcassets */; };
		56C980AC1FA02D85007507AB /* LaunchScreen.storyboard in Resources */ = {isa = PBXBuildFile; fileRef = 56C980AA1FA02D85007507AB /* LaunchScreen.storyboard */; };
		56C980B71FA02D85007507AB /* RotatableImageViewTests.swift in Sources */ = {isa = PBXBuildFile; fileRef = 56C980B61FA02D85007507AB /* RotatableImageViewTests.swift */; };
		56C980C21FA02F1F007507AB /* sample.png in Resources */ = {isa = PBXBuildFile; fileRef = 56C980C11FA02F0C007507AB /* sample.png */; };
/* End PBXBuildFile section */

/* Begin PBXContainerItemProxy section */
		56C980B31FA02D85007507AB /* PBXContainerItemProxy */ = {
			isa = PBXContainerItemProxy;
			containerPortal = 56C980961FA02D85007507AB /* Project object */;
			proxyType = 1;
			remoteGlobalIDString = 56C9809D1FA02D85007507AB;
			remoteInfo = RotatableImageView;
		};
/* End PBXContainerItemProxy section */

/* Begin PBXFileReference section */
		562EC7B81FA1DE6900AF38DC /* RotatableImageView.swift */ = {isa = PBXFileReference; lastKnownFileType = sourcecode.swift; path = RotatableImageView.swift; sourceTree = "<group>"; };
		562EC7BA1FA2B94800AF38DC /* GridView.swift */ = {isa = PBXFileReference; lastKnownFileType = sourcecode.swift; path = GridView.swift; sourceTree = "<group>"; };
		562EC7BC1FA2BD1C00AF38DC /* UIView+Extension.swift */ = {isa = PBXFileReference; lastKnownFileType = sourcecode.swift; path = "UIView+Extension.swift"; sourceTree = "<group>"; };
		562EC7BE1FA2C0CC00AF38DC /* sampleMask.png */ = {isa = PBXFileReference; lastKnownFileType = image.png; path = sampleMask.png; sourceTree = "<group>"; };
		562EC7C01FA2C20A00AF38DC /* UIImage+Extension.swift */ = {isa = PBXFileReference; lastKnownFileType = sourcecode.swift; path = "UIImage+Extension.swift"; sourceTree = "<group>"; };
		56C9809E1FA02D85007507AB /* RotatableImageView.app */ = {isa = PBXFileReference; explicitFileType = wrapper.application; includeInIndex = 0; path = RotatableImageView.app; sourceTree = BUILT_PRODUCTS_DIR; };
		56C980A11FA02D85007507AB /* AppDelegate.swift */ = {isa = PBXFileReference; lastKnownFileType = sourcecode.swift; path = AppDelegate.swift; sourceTree = "<group>"; };
		56C980A31FA02D85007507AB /* ViewController.swift */ = {isa = PBXFileReference; lastKnownFileType = sourcecode.swift; path = ViewController.swift; sourceTree = "<group>"; };
		56C980A61FA02D85007507AB /* Base */ = {isa = PBXFileReference; lastKnownFileType = file.storyboard; name = Base; path = Base.lproj/Main.storyboard; sourceTree = "<group>"; };
		56C980A81FA02D85007507AB /* Assets.xcassets */ = {isa = PBXFileReference; lastKnownFileType = folder.assetcatalog; path = Assets.xcassets; sourceTree = "<group>"; };
		56C980AB1FA02D85007507AB /* Base */ = {isa = PBXFileReference; lastKnownFileType = file.storyboard; name = Base; path = Base.lproj/LaunchScreen.storyboard; sourceTree = "<group>"; };
		56C980AD1FA02D85007507AB /* Info.plist */ = {isa = PBXFileReference; lastKnownFileType = text.plist.xml; path = Info.plist; sourceTree = "<group>"; };
		56C980B21FA02D85007507AB /* RotatableImageViewTests.xctest */ = {isa = PBXFileReference; explicitFileType = wrapper.cfbundle; includeInIndex = 0; path = RotatableImageViewTests.xctest; sourceTree = BUILT_PRODUCTS_DIR; };
		56C980B61FA02D85007507AB /* RotatableImageViewTests.swift */ = {isa = PBXFileReference; lastKnownFileType = sourcecode.swift; path = RotatableImageViewTests.swift; sourceTree = "<group>"; };
		56C980B81FA02D85007507AB /* Info.plist */ = {isa = PBXFileReference; lastKnownFileType = text.plist.xml; path = Info.plist; sourceTree = "<group>"; };
		56C980C11FA02F0C007507AB /* sample.png */ = {isa = PBXFileReference; lastKnownFileType = image.png; path = sample.png; sourceTree = "<group>"; };
/* End PBXFileReference section */

/* Begin PBXFrameworksBuildPhase section */
		56C9809B1FA02D85007507AB /* Frameworks */ = {
			isa = PBXFrameworksBuildPhase;
			buildActionMask = 2147483647;
			files = (
			);
			runOnlyForDeploymentPostprocessing = 0;
		};
		56C980AF1FA02D85007507AB /* Frameworks */ = {
			isa = PBXFrameworksBuildPhase;
			buildActionMask = 2147483647;
			files = (
			);
			runOnlyForDeploymentPostprocessing = 0;
		};
/* End PBXFrameworksBuildPhase section */

/* Begin PBXGroup section */
		56C980951FA02D85007507AB = {
			isa = PBXGroup;
			children = (
				56C980A01FA02D85007507AB /* RotatableImageView */,
				56C980B51FA02D85007507AB /* RotatableImageViewTests */,
				56C9809F1FA02D85007507AB /* Products */,
			);
			sourceTree = "<group>";
		};
		56C9809F1FA02D85007507AB /* Products */ = {
			isa = PBXGroup;
			children = (
				56C9809E1FA02D85007507AB /* RotatableImageView.app */,
				56C980B21FA02D85007507AB /* RotatableImageViewTests.xctest */,
			);
			name = Products;
			sourceTree = "<group>";
		};
		56C980A01FA02D85007507AB /* RotatableImageView */ = {
			isa = PBXGroup;
			children = (
				562EC7B81FA1DE6900AF38DC /* RotatableImageView.swift */,
				56C980A11FA02D85007507AB /* AppDelegate.swift */,
				56C980A31FA02D85007507AB /* ViewController.swift */,
				56C980C11FA02F0C007507AB /* sample.png */,
				562EC7BE1FA2C0CC00AF38DC /* sampleMask.png */,
				56C980A51FA02D85007507AB /* Main.storyboard */,
				56C980A81FA02D85007507AB /* Assets.xcassets */,
				56C980AA1FA02D85007507AB /* LaunchScreen.storyboard */,
				56C980AD1FA02D85007507AB /* Info.plist */,
				562EC7BA1FA2B94800AF38DC /* GridView.swift */,
				562EC7BC1FA2BD1C00AF38DC /* UIView+Extension.swift */,
				562EC7C01FA2C20A00AF38DC /* UIImage+Extension.swift */,
			);
			path = RotatableImageView;
			sourceTree = "<group>";
		};
		56C980B51FA02D85007507AB /* RotatableImageViewTests */ = {
			isa = PBXGroup;
			children = (
				56C980B61FA02D85007507AB /* RotatableImageViewTests.swift */,
				56C980B81FA02D85007507AB /* Info.plist */,
			);
			path = RotatableImageViewTests;
			sourceTree = "<group>";
		};
/* End PBXGroup section */

/* Begin PBXNativeTarget section */
		56C9809D1FA02D85007507AB /* RotatableImageView */ = {
			isa = PBXNativeTarget;
			buildConfigurationList = 56C980BB1FA02D85007507AB /* Build configuration list for PBXNativeTarget "RotatableImageView" */;
			buildPhases = (
				56C9809A1FA02D85007507AB /* Sources */,
				56C9809B1FA02D85007507AB /* Frameworks */,
				56C9809C1FA02D85007507AB /* Resources */,
			);
			buildRules = (
			);
			dependencies = (
			);
			name = RotatableImageView;
			productName = RotatableImageView;
			productReference = 56C9809E1FA02D85007507AB /* RotatableImageView.app */;
			productType = "com.apple.product-type.application";
		};
		56C980B11FA02D85007507AB /* RotatableImageViewTests */ = {
			isa = PBXNativeTarget;
			buildConfigurationList = 56C980BE1FA02D85007507AB /* Build configuration list for PBXNativeTarget "RotatableImageViewTests" */;
			buildPhases = (
				56C980AE1FA02D85007507AB /* Sources */,
				56C980AF1FA02D85007507AB /* Frameworks */,
				56C980B01FA02D85007507AB /* Resources */,
			);
			buildRules = (
			);
			dependencies = (
				56C980B41FA02D85007507AB /* PBXTargetDependency */,
			);
			name = RotatableImageViewTests;
			productName = RotatableImageViewTests;
			productReference = 56C980B21FA02D85007507AB /* RotatableImageViewTests.xctest */;
			productType = "com.apple.product-type.bundle.unit-test";
		};
/* End PBXNativeTarget section */

/* Begin PBXProject section */
		56C980961FA02D85007507AB /* Project object */ = {
			isa = PBXProject;
			attributes = {
				LastSwiftUpdateCheck = 0900;
				LastUpgradeCheck = 0900;
				ORGANIZATIONNAME = ha1f;
				TargetAttributes = {
					56C9809D1FA02D85007507AB = {
						CreatedOnToolsVersion = 9.0;
						ProvisioningStyle = Automatic;
					};
					56C980B11FA02D85007507AB = {
						CreatedOnToolsVersion = 9.0;
						ProvisioningStyle = Automatic;
						TestTargetID = 56C9809D1FA02D85007507AB;
					};
				};
			};
			buildConfigurationList = 56C980991FA02D85007507AB /* Build configuration list for PBXProject "RotatableImageView" */;
			compatibilityVersion = "Xcode 8.0";
			developmentRegion = en;
			hasScannedForEncodings = 0;
			knownRegions = (
				en,
				Base,
			);
			mainGroup = 56C980951FA02D85007507AB;
			productRefGroup = 56C9809F1FA02D85007507AB /* Products */;
			projectDirPath = "";
			projectRoot = "";
			targets = (
				56C9809D1FA02D85007507AB /* RotatableImageView */,
				56C980B11FA02D85007507AB /* RotatableImageViewTests */,
			);
		};
/* End PBXProject section */

/* Begin PBXResourcesBuildPhase section */
		56C9809C1FA02D85007507AB /* Resources */ = {
			isa = PBXResourcesBuildPhase;
			buildActionMask = 2147483647;
			files = (
				562EC7BF1FA2C1A400AF38DC /* sampleMask.png in Resources */,
				56C980C21FA02F1F007507AB /* sample.png in Resources */,
				56C980AC1FA02D85007507AB /* LaunchScreen.storyboard in Resources */,
				56C980A91FA02D85007507AB /* Assets.xcassets in Resources */,
				56C980A71FA02D85007507AB /* Main.storyboard in Resources */,
			);
			runOnlyForDeploymentPostprocessing = 0;
		};
		56C980B01FA02D85007507AB /* Resources */ = {
			isa = PBXResourcesBuildPhase;
			buildActionMask = 2147483647;
			files = (
			);
			runOnlyForDeploymentPostprocessing = 0;
		};
/* End PBXResourcesBuildPhase section */

/* Begin PBXSourcesBuildPhase section */
		56C9809A1FA02D85007507AB /* Sources */ = {
			isa = PBXSourcesBuildPhase;
			buildActionMask = 2147483647;
			files = (
				56C980A41FA02D85007507AB /* ViewController.swift in Sources */,
				562EC7B91FA1DE6900AF38DC /* RotatableImageView.swift in Sources */,
				562EC7BB1FA2B94800AF38DC /* GridView.swift in Sources */,
				562EC7C11FA2C20A00AF38DC /* UIImage+Extension.swift in Sources */,
				562EC7BD1FA2BD1C00AF38DC /* UIView+Extension.swift in Sources */,
				56C980A21FA02D85007507AB /* AppDelegate.swift in Sources */,
			);
			runOnlyForDeploymentPostprocessing = 0;
		};
		56C980AE1FA02D85007507AB /* Sources */ = {
			isa = PBXSourcesBuildPhase;
			buildActionMask = 2147483647;
			files = (
				56C980B71FA02D85007507AB /* RotatableImageViewTests.swift in Sources */,
			);
			runOnlyForDeploymentPostprocessing = 0;
		};
/* End PBXSourcesBuildPhase section */

/* Begin PBXTargetDependency section */
		56C980B41FA02D85007507AB /* PBXTargetDependency */ = {
			isa = PBXTargetDependency;
			target = 56C9809D1FA02D85007507AB /* RotatableImageView */;
			targetProxy = 56C980B31FA02D85007507AB /* PBXContainerItemProxy */;
		};
/* End PBXTargetDependency section */

/* Begin PBXVariantGroup section */
		56C980A51FA02D85007507AB /* Main.storyboard */ = {
			isa = PBXVariantGroup;
			children = (
				56C980A61FA02D85007507AB /* Base */,
			);
			name = Main.storyboard;
			sourceTree = "<group>";
		};
		56C980AA1FA02D85007507AB /* LaunchScreen.storyboard */ = {
			isa = PBXVariantGroup;
			children = (
				56C980AB1FA02D85007507AB /* Base */,
			);
			name = LaunchScreen.storyboard;
			sourceTree = "<group>";
		};
/* End PBXVariantGroup section */

/* Begin XCBuildConfiguration section */
		56C980B91FA02D85007507AB /* Debug */ = {
			isa = XCBuildConfiguration;
			buildSettings = {
				ALWAYS_SEARCH_USER_PATHS = NO;
				CLANG_ANALYZER_NONNULL = YES;
				CLANG_ANALYZER_NUMBER_OBJECT_CONVERSION = YES_AGGRESSIVE;
				CLANG_CXX_LANGUAGE_STANDARD = "gnu++14";
				CLANG_CXX_LIBRARY = "libc++";
				CLANG_ENABLE_MODULES = YES;
				CLANG_ENABLE_OBJC_ARC = YES;
				CLANG_WARN_BLOCK_CAPTURE_AUTORELEASING = YES;
				CLANG_WARN_BOOL_CONVERSION = YES;
				CLANG_WARN_COMMA = YES;
				CLANG_WARN_CONSTANT_CONVERSION = YES;
				CLANG_WARN_DIRECT_OBJC_ISA_USAGE = YES_ERROR;
				CLANG_WARN_DOCUMENTATION_COMMENTS = YES;
				CLANG_WARN_EMPTY_BODY = YES;
				CLANG_WARN_ENUM_CONVERSION = YES;
				CLANG_WARN_INFINITE_RECURSION = YES;
				CLANG_WARN_INT_CONVERSION = YES;
				CLANG_WARN_NON_LITERAL_NULL_CONVERSION = YES;
				CLANG_WARN_OBJC_LITERAL_CONVERSION = YES;
				CLANG_WARN_OBJC_ROOT_CLASS = YES_ERROR;
				CLANG_WARN_RANGE_LOOP_ANALYSIS = YES;
				CLANG_WARN_STRICT_PROTOTYPES = YES;
				CLANG_WARN_SUSPICIOUS_MOVE = YES;
				CLANG_WARN_UNGUARDED_AVAILABILITY = YES_AGGRESSIVE;
				CLANG_WARN_UNREACHABLE_CODE = YES;
				CLANG_WARN__DUPLICATE_METHOD_MATCH = YES;
				CODE_SIGN_IDENTITY = "iPhone Developer";
				COPY_PHASE_STRIP = NO;
				DEBUG_INFORMATION_FORMAT = dwarf;
				ENABLE_STRICT_OBJC_MSGSEND = YES;
				ENABLE_TESTABILITY = YES;
				GCC_C_LANGUAGE_STANDARD = gnu11;
				GCC_DYNAMIC_NO_PIC = NO;
				GCC_NO_COMMON_BLOCKS = YES;
				GCC_OPTIMIZATION_LEVEL = 0;
				GCC_PREPROCESSOR_DEFINITIONS = (
					"DEBUG=1",
					"$(inherited)",
				);
				GCC_WARN_64_TO_32_BIT_CONVERSION = YES;
				GCC_WARN_ABOUT_RETURN_TYPE = YES_ERROR;
				GCC_WARN_UNDECLARED_SELECTOR = YES;
				GCC_WARN_UNINITIALIZED_AUTOS = YES_AGGRESSIVE;
				GCC_WARN_UNUSED_FUNCTION = YES;
				GCC_WARN_UNUSED_VARIABLE = YES;
				IPHONEOS_DEPLOYMENT_TARGET = 11.0;
				MTL_ENABLE_DEBUG_INFO = YES;
				ONLY_ACTIVE_ARCH = YES;
				SDKROOT = iphoneos;
				SWIFT_ACTIVE_COMPILATION_CONDITIONS = DEBUG;
				SWIFT_OPTIMIZATION_LEVEL = "-Onone";
			};
			name = Debug;
		};
		56C980BA1FA02D85007507AB /* Release */ = {
			isa = XCBuildConfiguration;
			buildSettings = {
				ALWAYS_SEARCH_USER_PATHS = NO;
				CLANG_ANALYZER_NONNULL = YES;
				CLANG_ANALYZER_NUMBER_OBJECT_CONVERSION = YES_AGGRESSIVE;
				CLANG_CXX_LANGUAGE_STANDARD = "gnu++14";
				CLANG_CXX_LIBRARY = "libc++";
				CLANG_ENABLE_MODULES = YES;
				CLANG_ENABLE_OBJC_ARC = YES;
				CLANG_WARN_BLOCK_CAPTURE_AUTORELEASING = YES;
				CLANG_WARN_BOOL_CONVERSION = YES;
				CLANG_WARN_COMMA = YES;
				CLANG_WARN_CONSTANT_CONVERSION = YES;
				CLANG_WARN_DIRECT_OBJC_ISA_USAGE = YES_ERROR;
				CLANG_WARN_DOCUMENTATION_COMMENTS = YES;
				CLANG_WARN_EMPTY_BODY = YES;
				CLANG_WARN_ENUM_CONVERSION = YES;
				CLANG_WARN_INFINITE_RECURSION = YES;
				CLANG_WARN_INT_CONVERSION = YES;
				CLANG_WARN_NON_LITERAL_NULL_CONVERSION = YES;
				CLANG_WARN_OBJC_LITERAL_CONVERSION = YES;
				CLANG_WARN_OBJC_ROOT_CLASS = YES_ERROR;
				CLANG_WARN_RANGE_LOOP_ANALYSIS = YES;
				CLANG_WARN_STRICT_PROTOTYPES = YES;
				CLANG_WARN_SUSPICIOUS_MOVE = YES;
				CLANG_WARN_UNGUARDED_AVAILABILITY = YES_AGGRESSIVE;
				CLANG_WARN_UNREACHABLE_CODE = YES;
				CLANG_WARN__DUPLICATE_METHOD_MATCH = YES;
				CODE_SIGN_IDENTITY = "iPhone Developer";
				COPY_PHASE_STRIP = NO;
				DEBUG_INFORMATION_FORMAT = "dwarf-with-dsym";
				ENABLE_NS_ASSERTIONS = NO;
				ENABLE_STRICT_OBJC_MSGSEND = YES;
				GCC_C_LANGUAGE_STANDARD = gnu11;
				GCC_NO_COMMON_BLOCKS = YES;
				GCC_WARN_64_TO_32_BIT_CONVERSION = YES;
				GCC_WARN_ABOUT_RETURN_TYPE = YES_ERROR;
				GCC_WARN_UNDECLARED_SELECTOR = YES;
				GCC_WARN_UNINITIALIZED_AUTOS = YES_AGGRESSIVE;
				GCC_WARN_UNUSED_FUNCTION = YES;
				GCC_WARN_UNUSED_VARIABLE = YES;
				IPHONEOS_DEPLOYMENT_TARGET = 11.0;
				MTL_ENABLE_DEBUG_INFO = NO;
				SDKROOT = iphoneos;
				SWIFT_OPTIMIZATION_LEVEL = "-Owholemodule";
				VALIDATE_PRODUCT = YES;
			};
			name = Release;
		};
		56C980BC1FA02D85007507AB /* Debug */ = {
			isa = XCBuildConfiguration;
			buildSettings = {
				ASSETCATALOG_COMPILER_APPICON_NAME = AppIcon;
				CODE_SIGN_STYLE = Automatic;
				DEVELOPMENT_TEAM = V723YSJ67H;
				INFOPLIST_FILE = RotatableImageView/Info.plist;
				LD_RUNPATH_SEARCH_PATHS = "$(inherited) @executable_path/Frameworks";
				PRODUCT_BUNDLE_IDENTIFIER = net.ha1f.RotatableImageView;
				PRODUCT_NAME = "$(TARGET_NAME)";
				SWIFT_VERSION = 4.0;
				TARGETED_DEVICE_FAMILY = "1,2";
			};
			name = Debug;
		};
		56C980BD1FA02D85007507AB /* Release */ = {
			isa = XCBuildConfiguration;
			buildSettings = {
				ASSETCATALOG_COMPILER_APPICON_NAME = AppIcon;
				CODE_SIGN_STYLE = Automatic;
				DEVELOPMENT_TEAM = V723YSJ67H;
				INFOPLIST_FILE = RotatableImageView/Info.plist;
				LD_RUNPATH_SEARCH_PATHS = "$(inherited) @executable_path/Frameworks";
				PRODUCT_BUNDLE_IDENTIFIER = net.ha1f.RotatableImageView;
				PRODUCT_NAME = "$(TARGET_NAME)";
				SWIFT_VERSION = 4.0;
				TARGETED_DEVICE_FAMILY = "1,2";
			};
			name = Release;
		};
		56C980BF1FA02D85007507AB /* Debug */ = {
			isa = XCBuildConfiguration;
			buildSettings = {
				ALWAYS_EMBED_SWIFT_STANDARD_LIBRARIES = YES;
				BUNDLE_LOADER = "$(TEST_HOST)";
				CODE_SIGN_STYLE = Automatic;
				DEVELOPMENT_TEAM = V723YSJ67H;
				INFOPLIST_FILE = RotatableImageViewTests/Info.plist;
				LD_RUNPATH_SEARCH_PATHS = "$(inherited) @executable_path/Frameworks @loader_path/Frameworks";
				PRODUCT_BUNDLE_IDENTIFIER = net.ha1f.RotatableImageViewTests;
				PRODUCT_NAME = "$(TARGET_NAME)";
				SWIFT_VERSION = 4.0;
				TARGETED_DEVICE_FAMILY = "1,2";
				TEST_HOST = "$(BUILT_PRODUCTS_DIR)/RotatableImageView.app/RotatableImageView";
			};
			name = Debug;
		};
		56C980C01FA02D85007507AB /* Release */ = {
			isa = XCBuildConfiguration;
			buildSettings = {
				ALWAYS_EMBED_SWIFT_STANDARD_LIBRARIES = YES;
				BUNDLE_LOADER = "$(TEST_HOST)";
				CODE_SIGN_STYLE = Automatic;
				DEVELOPMENT_TEAM = V723YSJ67H;
				INFOPLIST_FILE = RotatableImageViewTests/Info.plist;
				LD_RUNPATH_SEARCH_PATHS = "$(inherited) @executable_path/Frameworks @loader_path/Frameworks";
				PRODUCT_BUNDLE_IDENTIFIER = net.ha1f.RotatableImageViewTests;
				PRODUCT_NAME = "$(TARGET_NAME)";
				SWIFT_VERSION = 4.0;
				TARGETED_DEVICE_FAMILY = "1,2";
				TEST_HOST = "$(BUILT_PRODUCTS_DIR)/RotatableImageView.app/RotatableImageView";
			};
			name = Release;
		};
/* End XCBuildConfiguration section */

/* Begin XCConfigurationList section */
		56C980991FA02D85007507AB /* Build configuration list for PBXProject "RotatableImageView" */ = {
			isa = XCConfigurationList;
			buildConfigurations = (
				56C980B91FA02D85007507AB /* Debug */,
				56C980BA1FA02D85007507AB /* Release */,
			);
			defaultConfigurationIsVisible = 0;
			defaultConfigurationName = Release;
		};
		56C980BB1FA02D85007507AB /* Build configuration list for PBXNativeTarget "RotatableImageView" */ = {
			isa = XCConfigurationList;
			buildConfigurations = (
				56C980BC1FA02D85007507AB /* Debug */,
				56C980BD1FA02D85007507AB /* Release */,
			);
			defaultConfigurationIsVisible = 0;
			defaultConfigurationName = Release;
		};
		56C980BE1FA02D85007507AB /* Build configuration list for PBXNativeTarget "RotatableImageViewTests" */ = {
			isa = XCConfigurationList;
			buildConfigurations = (
				56C980BF1FA02D85007507AB /* Debug */,
				56C980C01FA02D85007507AB /* Release */,
			);
			defaultConfigurationIsVisible = 0;
			defaultConfigurationName = Release;
		};
/* End XCConfigurationList section */
	};
	rootObject = 56C980961FA02D85007507AB /* Project object */;
}
